// !$*UTF8*$!
{
	archiveVersion = 1;
	classes = {
	};
	objectVersion = 55;
	objects = {

/* Begin PBXBuildFile section */
		8A2E2614278643ED00B866E8 /* CollectionRoute.swift in Sources */ = {isa = PBXBuildFile; fileRef = 8A2E2613278643ED00B866E8 /* CollectionRoute.swift */; };
		8A2E26162786444E00B866E8 /* Route.swift in Sources */ = {isa = PBXBuildFile; fileRef = 8A2E26152786444E00B866E8 /* Route.swift */; };
		8A2E261827876B9700B866E8 /* PresentRoute.swift in Sources */ = {isa = PBXBuildFile; fileRef = 8A2E261727876B9700B866E8 /* PresentRoute.swift */; };
		8A454761278A1A7B001A3F67 /* GoogleService-Info.plist in Resources */ = {isa = PBXBuildFile; fileRef = 8A454760278A1A7B001A3F67 /* GoogleService-Info.plist */; };
		8A454764278A1B4B001A3F67 /* FirebaseAnalytics in Frameworks */ = {isa = PBXBuildFile; productRef = 8A454763278A1B4B001A3F67 /* FirebaseAnalytics */; };
		8A454766278A1B4B001A3F67 /* FirebaseAuth in Frameworks */ = {isa = PBXBuildFile; productRef = 8A454765278A1B4B001A3F67 /* FirebaseAuth */; };
		8A454768278A1B4B001A3F67 /* FirebaseDatabase in Frameworks */ = {isa = PBXBuildFile; productRef = 8A454767278A1B4B001A3F67 /* FirebaseDatabase */; };
		8A45476A278A1B4B001A3F67 /* FirebaseDynamicLinks in Frameworks */ = {isa = PBXBuildFile; productRef = 8A454769278A1B4B001A3F67 /* FirebaseDynamicLinks */; };
		8A45476C278A1B4B001A3F67 /* FirebaseFirestore in Frameworks */ = {isa = PBXBuildFile; productRef = 8A45476B278A1B4B001A3F67 /* FirebaseFirestore */; };
		8A45476E278A1B4B001A3F67 /* FirebaseFunctions in Frameworks */ = {isa = PBXBuildFile; productRef = 8A45476D278A1B4B001A3F67 /* FirebaseFunctions */; };
		8A454770278A1B4B001A3F67 /* FirebaseInstallations in Frameworks */ = {isa = PBXBuildFile; productRef = 8A45476F278A1B4B001A3F67 /* FirebaseInstallations */; };
		8A454772278A1B4B001A3F67 /* FirebaseMessaging in Frameworks */ = {isa = PBXBuildFile; productRef = 8A454771278A1B4B001A3F67 /* FirebaseMessaging */; };
		8A454774278A1B4B001A3F67 /* FirebasePerformance in Frameworks */ = {isa = PBXBuildFile; productRef = 8A454773278A1B4B001A3F67 /* FirebasePerformance */; };
		8A454776278A1B4B001A3F67 /* FirebaseStorage in Frameworks */ = {isa = PBXBuildFile; productRef = 8A454775278A1B4B001A3F67 /* FirebaseStorage */; };
		8A454778278A1BE5001A3F67 /* LoginController.swift in Sources */ = {isa = PBXBuildFile; fileRef = 8A454777278A1BE5001A3F67 /* LoginController.swift */; };
		8A45477A278A1C3A001A3F67 /* RegistrationController.swift in Sources */ = {isa = PBXBuildFile; fileRef = 8A454779278A1C3A001A3F67 /* RegistrationController.swift */; };
		8A45477C278A1FE3001A3F67 /* CheckUserController.swift in Sources */ = {isa = PBXBuildFile; fileRef = 8A45477B278A1FE3001A3F67 /* CheckUserController.swift */; };
		8AE0EB21277A3A9B002ADA32 /* AppDelegate.swift in Sources */ = {isa = PBXBuildFile; fileRef = 8AE0EB20277A3A9B002ADA32 /* AppDelegate.swift */; };
		8AE0EB23277A3A9B002ADA32 /* SceneDelegate.swift in Sources */ = {isa = PBXBuildFile; fileRef = 8AE0EB22277A3A9B002ADA32 /* SceneDelegate.swift */; };
		8AE0EB25277A3A9B002ADA32 /* ViewController.swift in Sources */ = {isa = PBXBuildFile; fileRef = 8AE0EB24277A3A9B002ADA32 /* ViewController.swift */; };
		8AE0EB28277A3A9B002ADA32 /* Main.storyboard in Resources */ = {isa = PBXBuildFile; fileRef = 8AE0EB26277A3A9B002ADA32 /* Main.storyboard */; };
		8AE0EB2B277A3A9B002ADA32 /* Barcelona_guide.xcdatamodeld in Sources */ = {isa = PBXBuildFile; fileRef = 8AE0EB29277A3A9B002ADA32 /* Barcelona_guide.xcdatamodeld */; };
		8AE0EB2D277A3A9C002ADA32 /* Assets.xcassets in Resources */ = {isa = PBXBuildFile; fileRef = 8AE0EB2C277A3A9C002ADA32 /* Assets.xcassets */; };
		8AE0EB30277A3A9C002ADA32 /* LaunchScreen.storyboard in Resources */ = {isa = PBXBuildFile; fileRef = 8AE0EB2E277A3A9C002ADA32 /* LaunchScreen.storyboard */; };
		8AE0EB38277A449D002ADA32 /* Utils.swift in Sources */ = {isa = PBXBuildFile; fileRef = 8AE0EB37277A449D002ADA32 /* Utils.swift */; };
		8AE0EB3A277A6C86002ADA32 /* Alert.swift in Sources */ = {isa = PBXBuildFile; fileRef = 8AE0EB39277A6C86002ADA32 /* Alert.swift */; };
		8AEABD6A294267A600E37FED /* Router.swift in Sources */ = {isa = PBXBuildFile; fileRef = 8AEABD69294267A600E37FED /* Router.swift */; };
		8AEABD6C294267BD00E37FED /* Builder.swift in Sources */ = {isa = PBXBuildFile; fileRef = 8AEABD6B294267BD00E37FED /* Builder.swift */; };
		8AEABD7B294268CB00E37FED /* Hashtag.swift in Sources */ = {isa = PBXBuildFile; fileRef = 8AEABD7A294268CB00E37FED /* Hashtag.swift */; };
		8AEABD7D294268DC00E37FED /* Setings.swift in Sources */ = {isa = PBXBuildFile; fileRef = 8AEABD7C294268DC00E37FED /* Setings.swift */; };
		8AEABD7F294268ED00E37FED /* Object.swift in Sources */ = {isa = PBXBuildFile; fileRef = 8AEABD7E294268ED00E37FED /* Object.swift */; };
		8AEABD81294268FD00E37FED /* User.swift in Sources */ = {isa = PBXBuildFile; fileRef = 8AEABD80294268FD00E37FED /* User.swift */; };
		8AEABD832942694B00E37FED /* CollectionLocations.swift in Sources */ = {isa = PBXBuildFile; fileRef = 8AEABD822942694B00E37FED /* CollectionLocations.swift */; };
		8AEABD852942697000E37FED /* LocationCell.swift in Sources */ = {isa = PBXBuildFile; fileRef = 8AEABD842942697000E37FED /* LocationCell.swift */; };
		8AEABD87294269EA00E37FED /* EmptyCell.swift in Sources */ = {isa = PBXBuildFile; fileRef = 8AEABD86294269EA00E37FED /* EmptyCell.swift */; };
		8AEABD8B29426AEF00E37FED /* Screensaver.swift in Sources */ = {isa = PBXBuildFile; fileRef = 8AEABD8A29426AEF00E37FED /* Screensaver.swift */; };
		8AEABD8D29426B0F00E37FED /* ScreensaverPresenter.swift in Sources */ = {isa = PBXBuildFile; fileRef = 8AEABD8C29426B0F00E37FED /* ScreensaverPresenter.swift */; };
		8AEABD9029426B6400E37FED /* Login.swift in Sources */ = {isa = PBXBuildFile; fileRef = 8AEABD8F29426B6400E37FED /* Login.swift */; };
		8AEABD9229426B7B00E37FED /* LoginPresenter.swift in Sources */ = {isa = PBXBuildFile; fileRef = 8AEABD9129426B7B00E37FED /* LoginPresenter.swift */; };
		8AEABD9429426BA200E37FED /* Registration.swift in Sources */ = {isa = PBXBuildFile; fileRef = 8AEABD9329426BA200E37FED /* Registration.swift */; };
		8AEABD9629426BB200E37FED /* RegistrationPresenter.swift in Sources */ = {isa = PBXBuildFile; fileRef = 8AEABD9529426BB200E37FED /* RegistrationPresenter.swift */; };
		8AEABD9829426BE900E37FED /* Mapa.swift in Sources */ = {isa = PBXBuildFile; fileRef = 8AEABD9729426BE900E37FED /* Mapa.swift */; };
		8AEABD9A29426BF900E37FED /* MapaPresenter.swift in Sources */ = {isa = PBXBuildFile; fileRef = 8AEABD9929426BF900E37FED /* MapaPresenter.swift */; };
		8AEABD9C29426C1C00E37FED /* CollectionLocationsPresenter.swift in Sources */ = {isa = PBXBuildFile; fileRef = 8AEABD9B29426C1C00E37FED /* CollectionLocationsPresenter.swift */; };
		8AEABD9E29426C3100E37FED /* Settings.swift in Sources */ = {isa = PBXBuildFile; fileRef = 8AEABD9D29426C3100E37FED /* Settings.swift */; };
		8AEABDA029426C3F00E37FED /* SettingsPresenter.swift in Sources */ = {isa = PBXBuildFile; fileRef = 8AEABD9F29426C3F00E37FED /* SettingsPresenter.swift */; };
		8AEABDA629426CD100E37FED /* ButtonExtension.swift in Sources */ = {isa = PBXBuildFile; fileRef = 8AEABDA529426CD100E37FED /* ButtonExtension.swift */; };
		8AEABDA829426D3600E37FED /* LabelExtension.swift in Sources */ = {isa = PBXBuildFile; fileRef = 8AEABDA729426D3600E37FED /* LabelExtension.swift */; };
		8AEABDAA29426D5000E37FED /* TextFieldExtension.swift in Sources */ = {isa = PBXBuildFile; fileRef = 8AEABDA929426D5000E37FED /* TextFieldExtension.swift */; };
		8AEABDAC29426D6400E37FED /* AlertExtension.swift in Sources */ = {isa = PBXBuildFile; fileRef = 8AEABDAB29426D6400E37FED /* AlertExtension.swift */; };
		8AEABDAE29426D7D00E37FED /* FetchCurrentUser.swift in Sources */ = {isa = PBXBuildFile; fileRef = 8AEABDAD29426D7D00E37FED /* FetchCurrentUser.swift */; };
		8AEABDB029426D9A00E37FED /* FirestoreRequestExtension.swift in Sources */ = {isa = PBXBuildFile; fileRef = 8AEABDAF29426D9A00E37FED /* FirestoreRequestExtension.swift */; };
		8AEABDB229426DC200E37FED /* LoadAndCacheImageUser.swift in Sources */ = {isa = PBXBuildFile; fileRef = 8AEABDB129426DC200E37FED /* LoadAndCacheImageUser.swift */; };
		8AEABDB429426DE500E37FED /* LoadAndCacheImageObject.swift in Sources */ = {isa = PBXBuildFile; fileRef = 8AEABDB329426DE500E37FED /* LoadAndCacheImageObject.swift */; };
		8AEABDB629426E0000E37FED /* AnchoredConstraintsExtension.swift in Sources */ = {isa = PBXBuildFile; fileRef = 8AEABDB529426E0000E37FED /* AnchoredConstraintsExtension.swift */; };
		8AEABDB829426E2900E37FED /* RequestsObjects.swift in Sources */ = {isa = PBXBuildFile; fileRef = 8AEABDB729426E2900E37FED /* RequestsObjects.swift */; };
		8AEABDBA29426E4300E37FED /* RequestsForLogin.swift in Sources */ = {isa = PBXBuildFile; fileRef = 8AEABDB929426E4300E37FED /* RequestsForLogin.swift */; };
		8AEABDBC29426E5F00E37FED /* RequestsForRegistration.swift in Sources */ = {isa = PBXBuildFile; fileRef = 8AEABDBB29426E5F00E37FED /* RequestsForRegistration.swift */; };
		8AEABDBE29426E7C00E37FED /* RequestsUser.swift in Sources */ = {isa = PBXBuildFile; fileRef = 8AEABDBD29426E7C00E37FED /* RequestsUser.swift */; };
		8AEABDC029426E9F00E37FED /* RequestsHashtag.swift in Sources */ = {isa = PBXBuildFile; fileRef = 8AEABDBF29426E9F00E37FED /* RequestsHashtag.swift */; };
		8AEABDC329426EF300E37FED /* RequestsSetings.swift in Sources */ = {isa = PBXBuildFile; fileRef = 8AEABDC229426EF300E37FED /* RequestsSetings.swift */; };
		8AEABDC829426F8100E37FED /* FavoriteObjectsCollection.swift in Sources */ = {isa = PBXBuildFile; fileRef = 8AEABDC729426F8100E37FED /* FavoriteObjectsCollection.swift */; };
		8AEABDCB29426FAC00E37FED /* FavoriteObjectsCell.swift in Sources */ = {isa = PBXBuildFile; fileRef = 8AEABDCA29426FAC00E37FED /* FavoriteObjectsCell.swift */; };
		8AEABDCE2942700500E37FED /* FavoriteObjectsPresenter.swift in Sources */ = {isa = PBXBuildFile; fileRef = 8AEABDCD2942700500E37FED /* FavoriteObjectsPresenter.swift */; };
		8AEABDD129427A4E00E37FED /* InterfaceStyle.swift in Sources */ = {isa = PBXBuildFile; fileRef = 8AEABDD029427A4E00E37FED /* InterfaceStyle.swift */; };
		8AEABDD329427A6E00E37FED /* Сolors.swift in Sources */ = {isa = PBXBuildFile; fileRef = 8AEABDD229427A6E00E37FED /* Сolors.swift */; };
		8AEABDD82942CBC800E37FED /* PresentansionObjectPresenter.swift in Sources */ = {isa = PBXBuildFile; fileRef = 8AEABDD72942CBC800E37FED /* PresentansionObjectPresenter.swift */; };
		8AEABDDA2942CBE800E37FED /* PresentansionObject.swift in Sources */ = {isa = PBXBuildFile; fileRef = 8AEABDD92942CBE800E37FED /* PresentansionObject.swift */; };
/* End PBXBuildFile section */

/* Begin PBXFileReference section */
		8A2E2613278643ED00B866E8 /* CollectionRoute.swift */ = {isa = PBXFileReference; lastKnownFileType = sourcecode.swift; path = CollectionRoute.swift; sourceTree = "<group>"; };
		8A2E26152786444E00B866E8 /* Route.swift */ = {isa = PBXFileReference; lastKnownFileType = sourcecode.swift; path = Route.swift; sourceTree = "<group>"; };
		8A2E261727876B9700B866E8 /* PresentRoute.swift */ = {isa = PBXFileReference; lastKnownFileType = sourcecode.swift; path = PresentRoute.swift; sourceTree = "<group>"; };
		8A454760278A1A7B001A3F67 /* GoogleService-Info.plist */ = {isa = PBXFileReference; fileEncoding = 4; lastKnownFileType = text.plist.xml; path = "GoogleService-Info.plist"; sourceTree = "<group>"; };
		8A454777278A1BE5001A3F67 /* LoginController.swift */ = {isa = PBXFileReference; lastKnownFileType = sourcecode.swift; path = LoginController.swift; sourceTree = "<group>"; };
		8A454779278A1C3A001A3F67 /* RegistrationController.swift */ = {isa = PBXFileReference; lastKnownFileType = sourcecode.swift; path = RegistrationController.swift; sourceTree = "<group>"; };
		8A45477B278A1FE3001A3F67 /* CheckUserController.swift */ = {isa = PBXFileReference; lastKnownFileType = sourcecode.swift; path = CheckUserController.swift; sourceTree = "<group>"; };
		8AE0EB1D277A3A9B002ADA32 /* Barcelona guide.app */ = {isa = PBXFileReference; explicitFileType = wrapper.application; includeInIndex = 0; path = "Barcelona guide.app"; sourceTree = BUILT_PRODUCTS_DIR; };
		8AE0EB20277A3A9B002ADA32 /* AppDelegate.swift */ = {isa = PBXFileReference; lastKnownFileType = sourcecode.swift; path = AppDelegate.swift; sourceTree = "<group>"; };
		8AE0EB22277A3A9B002ADA32 /* SceneDelegate.swift */ = {isa = PBXFileReference; lastKnownFileType = sourcecode.swift; path = SceneDelegate.swift; sourceTree = "<group>"; };
		8AE0EB24277A3A9B002ADA32 /* ViewController.swift */ = {isa = PBXFileReference; lastKnownFileType = sourcecode.swift; path = ViewController.swift; sourceTree = "<group>"; };
		8AE0EB27277A3A9B002ADA32 /* Base */ = {isa = PBXFileReference; lastKnownFileType = file.storyboard; name = Base; path = Base.lproj/Main.storyboard; sourceTree = "<group>"; };
		8AE0EB2A277A3A9B002ADA32 /* Barcelona_guide.xcdatamodel */ = {isa = PBXFileReference; lastKnownFileType = wrapper.xcdatamodel; path = Barcelona_guide.xcdatamodel; sourceTree = "<group>"; };
		8AE0EB2C277A3A9C002ADA32 /* Assets.xcassets */ = {isa = PBXFileReference; lastKnownFileType = folder.assetcatalog; path = Assets.xcassets; sourceTree = "<group>"; };
		8AE0EB2F277A3A9C002ADA32 /* Base */ = {isa = PBXFileReference; lastKnownFileType = file.storyboard; name = Base; path = Base.lproj/LaunchScreen.storyboard; sourceTree = "<group>"; };
		8AE0EB31277A3A9C002ADA32 /* Info.plist */ = {isa = PBXFileReference; lastKnownFileType = text.plist.xml; path = Info.plist; sourceTree = "<group>"; };
		8AE0EB37277A449D002ADA32 /* Utils.swift */ = {isa = PBXFileReference; lastKnownFileType = sourcecode.swift; path = Utils.swift; sourceTree = "<group>"; };
		8AE0EB39277A6C86002ADA32 /* Alert.swift */ = {isa = PBXFileReference; lastKnownFileType = sourcecode.swift; path = Alert.swift; sourceTree = "<group>"; };
		8AEABD69294267A600E37FED /* Router.swift */ = {isa = PBXFileReference; lastKnownFileType = sourcecode.swift; path = Router.swift; sourceTree = "<group>"; };
		8AEABD6B294267BD00E37FED /* Builder.swift */ = {isa = PBXFileReference; lastKnownFileType = sourcecode.swift; path = Builder.swift; sourceTree = "<group>"; };
		8AEABD7A294268CB00E37FED /* Hashtag.swift */ = {isa = PBXFileReference; lastKnownFileType = sourcecode.swift; path = Hashtag.swift; sourceTree = "<group>"; };
		8AEABD7C294268DC00E37FED /* Setings.swift */ = {isa = PBXFileReference; lastKnownFileType = sourcecode.swift; path = Setings.swift; sourceTree = "<group>"; };
		8AEABD7E294268ED00E37FED /* Object.swift */ = {isa = PBXFileReference; lastKnownFileType = sourcecode.swift; path = Object.swift; sourceTree = "<group>"; };
		8AEABD80294268FD00E37FED /* User.swift */ = {isa = PBXFileReference; lastKnownFileType = sourcecode.swift; path = User.swift; sourceTree = "<group>"; };
		8AEABD822942694B00E37FED /* CollectionLocations.swift */ = {isa = PBXFileReference; lastKnownFileType = sourcecode.swift; path = CollectionLocations.swift; sourceTree = "<group>"; };
		8AEABD842942697000E37FED /* LocationCell.swift */ = {isa = PBXFileReference; lastKnownFileType = sourcecode.swift; path = LocationCell.swift; sourceTree = "<group>"; };
		8AEABD86294269EA00E37FED /* EmptyCell.swift */ = {isa = PBXFileReference; lastKnownFileType = sourcecode.swift; path = EmptyCell.swift; sourceTree = "<group>"; };
		8AEABD8A29426AEF00E37FED /* Screensaver.swift */ = {isa = PBXFileReference; lastKnownFileType = sourcecode.swift; path = Screensaver.swift; sourceTree = "<group>"; };
		8AEABD8C29426B0F00E37FED /* ScreensaverPresenter.swift */ = {isa = PBXFileReference; lastKnownFileType = sourcecode.swift; path = ScreensaverPresenter.swift; sourceTree = "<group>"; };
		8AEABD8F29426B6400E37FED /* Login.swift */ = {isa = PBXFileReference; lastKnownFileType = sourcecode.swift; path = Login.swift; sourceTree = "<group>"; };
		8AEABD9129426B7B00E37FED /* LoginPresenter.swift */ = {isa = PBXFileReference; lastKnownFileType = sourcecode.swift; path = LoginPresenter.swift; sourceTree = "<group>"; };
		8AEABD9329426BA200E37FED /* Registration.swift */ = {isa = PBXFileReference; lastKnownFileType = sourcecode.swift; path = Registration.swift; sourceTree = "<group>"; };
		8AEABD9529426BB200E37FED /* RegistrationPresenter.swift */ = {isa = PBXFileReference; lastKnownFileType = sourcecode.swift; path = RegistrationPresenter.swift; sourceTree = "<group>"; };
		8AEABD9729426BE900E37FED /* Mapa.swift */ = {isa = PBXFileReference; lastKnownFileType = sourcecode.swift; path = Mapa.swift; sourceTree = "<group>"; };
		8AEABD9929426BF900E37FED /* MapaPresenter.swift */ = {isa = PBXFileReference; lastKnownFileType = sourcecode.swift; path = MapaPresenter.swift; sourceTree = "<group>"; };
		8AEABD9B29426C1C00E37FED /* CollectionLocationsPresenter.swift */ = {isa = PBXFileReference; lastKnownFileType = sourcecode.swift; path = CollectionLocationsPresenter.swift; sourceTree = "<group>"; };
		8AEABD9D29426C3100E37FED /* Settings.swift */ = {isa = PBXFileReference; lastKnownFileType = sourcecode.swift; path = Settings.swift; sourceTree = "<group>"; };
		8AEABD9F29426C3F00E37FED /* SettingsPresenter.swift */ = {isa = PBXFileReference; lastKnownFileType = sourcecode.swift; path = SettingsPresenter.swift; sourceTree = "<group>"; };
		8AEABDA529426CD100E37FED /* ButtonExtension.swift */ = {isa = PBXFileReference; lastKnownFileType = sourcecode.swift; path = ButtonExtension.swift; sourceTree = "<group>"; };
		8AEABDA729426D3600E37FED /* LabelExtension.swift */ = {isa = PBXFileReference; lastKnownFileType = sourcecode.swift; path = LabelExtension.swift; sourceTree = "<group>"; };
		8AEABDA929426D5000E37FED /* TextFieldExtension.swift */ = {isa = PBXFileReference; lastKnownFileType = sourcecode.swift; path = TextFieldExtension.swift; sourceTree = "<group>"; };
		8AEABDAB29426D6400E37FED /* AlertExtension.swift */ = {isa = PBXFileReference; lastKnownFileType = sourcecode.swift; path = AlertExtension.swift; sourceTree = "<group>"; };
		8AEABDAD29426D7D00E37FED /* FetchCurrentUser.swift */ = {isa = PBXFileReference; lastKnownFileType = sourcecode.swift; path = FetchCurrentUser.swift; sourceTree = "<group>"; };
		8AEABDAF29426D9A00E37FED /* FirestoreRequestExtension.swift */ = {isa = PBXFileReference; lastKnownFileType = sourcecode.swift; path = FirestoreRequestExtension.swift; sourceTree = "<group>"; };
		8AEABDB129426DC200E37FED /* LoadAndCacheImageUser.swift */ = {isa = PBXFileReference; lastKnownFileType = sourcecode.swift; path = LoadAndCacheImageUser.swift; sourceTree = "<group>"; };
		8AEABDB329426DE500E37FED /* LoadAndCacheImageObject.swift */ = {isa = PBXFileReference; lastKnownFileType = sourcecode.swift; path = LoadAndCacheImageObject.swift; sourceTree = "<group>"; };
		8AEABDB529426E0000E37FED /* AnchoredConstraintsExtension.swift */ = {isa = PBXFileReference; lastKnownFileType = sourcecode.swift; path = AnchoredConstraintsExtension.swift; sourceTree = "<group>"; };
		8AEABDB729426E2900E37FED /* RequestsObjects.swift */ = {isa = PBXFileReference; lastKnownFileType = sourcecode.swift; path = RequestsObjects.swift; sourceTree = "<group>"; };
		8AEABDB929426E4300E37FED /* RequestsForLogin.swift */ = {isa = PBXFileReference; lastKnownFileType = sourcecode.swift; path = RequestsForLogin.swift; sourceTree = "<group>"; };
		8AEABDBB29426E5F00E37FED /* RequestsForRegistration.swift */ = {isa = PBXFileReference; lastKnownFileType = sourcecode.swift; path = RequestsForRegistration.swift; sourceTree = "<group>"; };
		8AEABDBD29426E7C00E37FED /* RequestsUser.swift */ = {isa = PBXFileReference; lastKnownFileType = sourcecode.swift; path = RequestsUser.swift; sourceTree = "<group>"; };
		8AEABDBF29426E9F00E37FED /* RequestsHashtag.swift */ = {isa = PBXFileReference; lastKnownFileType = sourcecode.swift; path = RequestsHashtag.swift; sourceTree = "<group>"; };
		8AEABDC229426EF300E37FED /* RequestsSetings.swift */ = {isa = PBXFileReference; lastKnownFileType = sourcecode.swift; path = RequestsSetings.swift; sourceTree = "<group>"; };
		8AEABDC729426F8100E37FED /* FavoriteObjectsCollection.swift */ = {isa = PBXFileReference; lastKnownFileType = sourcecode.swift; path = FavoriteObjectsCollection.swift; sourceTree = "<group>"; };
		8AEABDCA29426FAC00E37FED /* FavoriteObjectsCell.swift */ = {isa = PBXFileReference; lastKnownFileType = sourcecode.swift; path = FavoriteObjectsCell.swift; sourceTree = "<group>"; };
		8AEABDCD2942700500E37FED /* FavoriteObjectsPresenter.swift */ = {isa = PBXFileReference; lastKnownFileType = sourcecode.swift; path = FavoriteObjectsPresenter.swift; sourceTree = "<group>"; };
		8AEABDD029427A4E00E37FED /* InterfaceStyle.swift */ = {isa = PBXFileReference; lastKnownFileType = sourcecode.swift; path = InterfaceStyle.swift; sourceTree = "<group>"; };
		8AEABDD229427A6E00E37FED /* Сolors.swift */ = {isa = PBXFileReference; lastKnownFileType = sourcecode.swift; path = "Сolors.swift"; sourceTree = "<group>"; };
		8AEABDD72942CBC800E37FED /* PresentansionObjectPresenter.swift */ = {isa = PBXFileReference; lastKnownFileType = sourcecode.swift; path = PresentansionObjectPresenter.swift; sourceTree = "<group>"; };
		8AEABDD92942CBE800E37FED /* PresentansionObject.swift */ = {isa = PBXFileReference; lastKnownFileType = sourcecode.swift; path = PresentansionObject.swift; sourceTree = "<group>"; };
/* End PBXFileReference section */

/* Begin PBXFrameworksBuildPhase section */
		8AE0EB1A277A3A9B002ADA32 /* Frameworks */ = {
			isa = PBXFrameworksBuildPhase;
			buildActionMask = 2147483647;
			files = (
				8A454772278A1B4B001A3F67 /* FirebaseMessaging in Frameworks */,
				8A454768278A1B4B001A3F67 /* FirebaseDatabase in Frameworks */,
				8A454774278A1B4B001A3F67 /* FirebasePerformance in Frameworks */,
				8A454776278A1B4B001A3F67 /* FirebaseStorage in Frameworks */,
				8A454770278A1B4B001A3F67 /* FirebaseInstallations in Frameworks */,
				8A454764278A1B4B001A3F67 /* FirebaseAnalytics in Frameworks */,
				8A454766278A1B4B001A3F67 /* FirebaseAuth in Frameworks */,
				8A45476E278A1B4B001A3F67 /* FirebaseFunctions in Frameworks */,
				8A45476C278A1B4B001A3F67 /* FirebaseFirestore in Frameworks */,
				8A45476A278A1B4B001A3F67 /* FirebaseDynamicLinks in Frameworks */,
			);
			runOnlyForDeploymentPostprocessing = 0;
		};
/* End PBXFrameworksBuildPhase section */

/* Begin PBXGroup section */
		8AE0EB14277A3A9B002ADA32 = {
			isa = PBXGroup;
			children = (
				8AE0EB1F277A3A9B002ADA32 /* Barcelona guide */,
				8AE0EB1E277A3A9B002ADA32 /* Products */,
			);
			sourceTree = "<group>";
		};
		8AE0EB1E277A3A9B002ADA32 /* Products */ = {
			isa = PBXGroup;
			children = (
				8AE0EB1D277A3A9B002ADA32 /* Barcelona guide.app */,
			);
			name = Products;
			sourceTree = "<group>";
		};
		8AE0EB1F277A3A9B002ADA32 /* Barcelona guide */ = {
			isa = PBXGroup;
			children = (
				8AEABD5B294260B300E37FED /* Api */,
				8AEABD5329425DAC00E37FED /* Extension */,
				8AEABD5229425C8400E37FED /* Router */,
				8AEABD5129425C6F00E37FED /* Builder */,
				8AEABD5029425C3C00E37FED /* Settings Module */,
				8AEABD4B29425A7500E37FED /* Screensaver Module */,
				8AEABD4F29425B6900E37FED /* Collection locations Module */,
				8AEABD4E29425B2C00E37FED /* Mapa Module */,
				8AEABD4D29425AFB00E37FED /* Registration Module */,
				8AEABD4C29425AEB00E37FED /* Login Module */,
				8AEABDC429426F1400E37FED /* Collection favorite object Module */,
				8AEABDD42942CB6400E37FED /* Presentansion object Module */,
				8AEABD4A29425A5E00E37FED /* Model */,
				8AEABDA229426C5C00E37FED /* Tsests */,
				8AE0EB20277A3A9B002ADA32 /* AppDelegate.swift */,
				8AE0EB22277A3A9B002ADA32 /* SceneDelegate.swift */,
				8A454777278A1BE5001A3F67 /* LoginController.swift */,
				8A454779278A1C3A001A3F67 /* RegistrationController.swift */,
				8A45477B278A1FE3001A3F67 /* CheckUserController.swift */,
				8AE0EB24277A3A9B002ADA32 /* ViewController.swift */,
				8A2E261727876B9700B866E8 /* PresentRoute.swift */,
				8A2E2613278643ED00B866E8 /* CollectionRoute.swift */,
				8A2E26152786444E00B866E8 /* Route.swift */,
				8AE0EB39277A6C86002ADA32 /* Alert.swift */,
				8AE0EB37277A449D002ADA32 /* Utils.swift */,
				8AE0EB26277A3A9B002ADA32 /* Main.storyboard */,
				8AE0EB2C277A3A9C002ADA32 /* Assets.xcassets */,
				8AE0EB2E277A3A9C002ADA32 /* LaunchScreen.storyboard */,
				8AE0EB31277A3A9C002ADA32 /* Info.plist */,
				8A454760278A1A7B001A3F67 /* GoogleService-Info.plist */,
				8AE0EB29277A3A9B002ADA32 /* Barcelona_guide.xcdatamodeld */,
			);
			path = "Barcelona guide";
			sourceTree = "<group>";
		};
		8AEABD4A29425A5E00E37FED /* Model */ = {
			isa = PBXGroup;
			children = (
				8AEABD63294263DA00E37FED /* Hashtag */,
				8AEABD622942633600E37FED /* Setings */,
				8AEABD61294262F000E37FED /* Object */,
				8AEABD60294262E500E37FED /* User */,
			);
			path = Model;
			sourceTree = "<group>";
		};
		8AEABD4B29425A7500E37FED /* Screensaver Module */ = {
			isa = PBXGroup;
			children = (
				8AEABD792942689100E37FED /* View */,
				8AEABD782942688E00E37FED /* Presenter */,
			);
			path = "Screensaver Module";
			sourceTree = "<group>";
		};
		8AEABD4C29425AEB00E37FED /* Login Module */ = {
			isa = PBXGroup;
			children = (
				8AEABD772942687F00E37FED /* View */,
				8AEABD762942687C00E37FED /* Presenter */,
			);
			path = "Login Module";
			sourceTree = "<group>";
		};
		8AEABD4D29425AFB00E37FED /* Registration Module */ = {
			isa = PBXGroup;
			children = (
				8AEABD752942686500E37FED /* View */,
				8AEABD742942686200E37FED /* Presenter */,
			);
			path = "Registration Module";
			sourceTree = "<group>";
		};
		8AEABD4E29425B2C00E37FED /* Mapa Module */ = {
			isa = PBXGroup;
			children = (
				8AEABD732942683D00E37FED /* View */,
				8AEABD722942683B00E37FED /* Presenter */,
			);
			path = "Mapa Module";
			sourceTree = "<group>";
		};
		8AEABD4F29425B6900E37FED /* Collection locations Module */ = {
			isa = PBXGroup;
			children = (
				8AEABD712942682800E37FED /* Presenter */,
				8AEABD702942680A00E37FED /* Colection view */,
				8AEABD6F2942680800E37FED /* Cell */,
				8AEABD8829426A0500E37FED /* Empty cell */,
			);
			path = "Collection locations Module";
			sourceTree = "<group>";
		};
		8AEABD5029425C3C00E37FED /* Settings Module */ = {
			isa = PBXGroup;
			children = (
				8AEABD6E294267DE00E37FED /* View */,
				8AEABD6D294267DC00E37FED /* Presenter */,
			);
			path = "Settings Module";
			sourceTree = "<group>";
		};
		8AEABD5129425C6F00E37FED /* Builder */ = {
			isa = PBXGroup;
			children = (
				8AEABD6B294267BD00E37FED /* Builder.swift */,
			);
			path = Builder;
			sourceTree = "<group>";
		};
		8AEABD5229425C8400E37FED /* Router */ = {
			isa = PBXGroup;
			children = (
				8AEABD69294267A600E37FED /* Router.swift */,
			);
			path = Router;
			sourceTree = "<group>";
		};
		8AEABD5329425DAC00E37FED /* Extension */ = {
			isa = PBXGroup;
			children = (
				8AEABD67294266FC00E37FED /* Anchored constraints extension */,
				8AEABD662942649400E37FED /* Load and cache image object */,
				8AEABD652942646F00E37FED /* Load and cache image user */,
				8AEABD5A29425FC100E37FED /* Firestore request extension */,
				8AEABD5929425F5900E37FED /* Fetch current user */,
				8AEABD5829425EB900E37FED /* Alert extension */,
				8AEABD5729425E9C00E37FED /* Text field extension */,
				8AEABD5629425E8900E37FED /* Label extension */,
				8AEABD5529425E6D00E37FED /* Button extension */,
				8AEABDCF29427A1900E37FED /* Interface style extension */,
				8AEABD5429425DD000E37FED /* Сolors */,
			);
			path = Extension;
			sourceTree = "<group>";
		};
		8AEABD5429425DD000E37FED /* Сolors */ = {
			isa = PBXGroup;
			children = (
				8AEABDD229427A6E00E37FED /* Сolors.swift */,
			);
			path = "Сolors";
			sourceTree = "<group>";
		};
		8AEABD5529425E6D00E37FED /* Button extension */ = {
			isa = PBXGroup;
			children = (
				8AEABDA529426CD100E37FED /* ButtonExtension.swift */,
			);
			path = "Button extension";
			sourceTree = "<group>";
		};
		8AEABD5629425E8900E37FED /* Label extension */ = {
			isa = PBXGroup;
			children = (
				8AEABDA729426D3600E37FED /* LabelExtension.swift */,
			);
			path = "Label extension";
			sourceTree = "<group>";
		};
		8AEABD5729425E9C00E37FED /* Text field extension */ = {
			isa = PBXGroup;
			children = (
				8AEABDA929426D5000E37FED /* TextFieldExtension.swift */,
			);
			path = "Text field extension";
			sourceTree = "<group>";
		};
		8AEABD5829425EB900E37FED /* Alert extension */ = {
			isa = PBXGroup;
			children = (
				8AEABDAB29426D6400E37FED /* AlertExtension.swift */,
			);
			path = "Alert extension";
			sourceTree = "<group>";
		};
		8AEABD5929425F5900E37FED /* Fetch current user */ = {
			isa = PBXGroup;
			children = (
				8AEABDAD29426D7D00E37FED /* FetchCurrentUser.swift */,
			);
			path = "Fetch current user";
			sourceTree = "<group>";
		};
		8AEABD5A29425FC100E37FED /* Firestore request extension */ = {
			isa = PBXGroup;
			children = (
				8AEABDAF29426D9A00E37FED /* FirestoreRequestExtension.swift */,
			);
			path = "Firestore request extension";
			sourceTree = "<group>";
		};
		8AEABD5B294260B300E37FED /* Api */ = {
			isa = PBXGroup;
			children = (
				8AEABD5E2942623200E37FED /* Requests for registration */,
				8AEABD5D2942612700E37FED /* Requests for login */,
				8AEABD5F2942624E00E37FED /* Requests User Api */,
				8AEABDC129426EA900E37FED /* Requests Setings Api */,
				8AEABD64294263FD00E37FED /* Requests Hashtag Api */,
				8AEABD5C2942610000E37FED /* Requests Objects Api */,
			);
			path = Api;
			sourceTree = "<group>";
		};
		8AEABD5C2942610000E37FED /* Requests Objects Api */ = {
			isa = PBXGroup;
			children = (
				8AEABDB729426E2900E37FED /* RequestsObjects.swift */,
			);
			path = "Requests Objects Api";
			sourceTree = "<group>";
		};
		8AEABD5D2942612700E37FED /* Requests for login */ = {
			isa = PBXGroup;
			children = (
				8AEABDB929426E4300E37FED /* RequestsForLogin.swift */,
			);
			path = "Requests for login";
			sourceTree = "<group>";
		};
		8AEABD5E2942623200E37FED /* Requests for registration */ = {
			isa = PBXGroup;
			children = (
				8AEABDBB29426E5F00E37FED /* RequestsForRegistration.swift */,
			);
			path = "Requests for registration";
			sourceTree = "<group>";
		};
		8AEABD5F2942624E00E37FED /* Requests User Api */ = {
			isa = PBXGroup;
			children = (
				8AEABDBD29426E7C00E37FED /* RequestsUser.swift */,
			);
			path = "Requests User Api";
			sourceTree = "<group>";
		};
		8AEABD60294262E500E37FED /* User */ = {
			isa = PBXGroup;
			children = (
				8AEABD80294268FD00E37FED /* User.swift */,
			);
			path = User;
			sourceTree = "<group>";
		};
		8AEABD61294262F000E37FED /* Object */ = {
			isa = PBXGroup;
			children = (
				8AEABD7E294268ED00E37FED /* Object.swift */,
			);
			path = Object;
			sourceTree = "<group>";
		};
		8AEABD622942633600E37FED /* Setings */ = {
			isa = PBXGroup;
			children = (
				8AEABD7C294268DC00E37FED /* Setings.swift */,
			);
			path = Setings;
			sourceTree = "<group>";
		};
		8AEABD63294263DA00E37FED /* Hashtag */ = {
			isa = PBXGroup;
			children = (
				8AEABD7A294268CB00E37FED /* Hashtag.swift */,
			);
			path = Hashtag;
			sourceTree = "<group>";
		};
		8AEABD64294263FD00E37FED /* Requests Hashtag Api */ = {
			isa = PBXGroup;
			children = (
				8AEABDBF29426E9F00E37FED /* RequestsHashtag.swift */,
			);
			path = "Requests Hashtag Api";
			sourceTree = "<group>";
		};
		8AEABD652942646F00E37FED /* Load and cache image user */ = {
			isa = PBXGroup;
			children = (
				8AEABDB129426DC200E37FED /* LoadAndCacheImageUser.swift */,
			);
			path = "Load and cache image user";
			sourceTree = "<group>";
		};
		8AEABD662942649400E37FED /* Load and cache image object */ = {
			isa = PBXGroup;
			children = (
				8AEABDB329426DE500E37FED /* LoadAndCacheImageObject.swift */,
			);
			path = "Load and cache image object";
			sourceTree = "<group>";
		};
		8AEABD67294266FC00E37FED /* Anchored constraints extension */ = {
			isa = PBXGroup;
			children = (
				8AEABDB529426E0000E37FED /* AnchoredConstraintsExtension.swift */,
			);
			path = "Anchored constraints extension";
			sourceTree = "<group>";
		};
		8AEABD6D294267DC00E37FED /* Presenter */ = {
			isa = PBXGroup;
			children = (
				8AEABD9F29426C3F00E37FED /* SettingsPresenter.swift */,
			);
			path = Presenter;
			sourceTree = "<group>";
		};
		8AEABD6E294267DE00E37FED /* View */ = {
			isa = PBXGroup;
			children = (
				8AEABD9D29426C3100E37FED /* Settings.swift */,
			);
			path = View;
			sourceTree = "<group>";
		};
		8AEABD6F2942680800E37FED /* Cell */ = {
			isa = PBXGroup;
			children = (
				8AEABD842942697000E37FED /* LocationCell.swift */,
			);
			path = Cell;
			sourceTree = "<group>";
		};
		8AEABD702942680A00E37FED /* Colection view */ = {
			isa = PBXGroup;
			children = (
				8AEABD822942694B00E37FED /* CollectionLocations.swift */,
			);
			path = "Colection view";
			sourceTree = "<group>";
		};
		8AEABD712942682800E37FED /* Presenter */ = {
			isa = PBXGroup;
			children = (
				8AEABD9B29426C1C00E37FED /* CollectionLocationsPresenter.swift */,
			);
			path = Presenter;
			sourceTree = "<group>";
		};
		8AEABD722942683B00E37FED /* Presenter */ = {
			isa = PBXGroup;
			children = (
				8AEABD9929426BF900E37FED /* MapaPresenter.swift */,
			);
			path = Presenter;
			sourceTree = "<group>";
		};
		8AEABD732942683D00E37FED /* View */ = {
			isa = PBXGroup;
			children = (
				8AEABD9729426BE900E37FED /* Mapa.swift */,
			);
			path = View;
			sourceTree = "<group>";
		};
		8AEABD742942686200E37FED /* Presenter */ = {
			isa = PBXGroup;
			children = (
				8AEABD9529426BB200E37FED /* RegistrationPresenter.swift */,
			);
			path = Presenter;
			sourceTree = "<group>";
		};
		8AEABD752942686500E37FED /* View */ = {
			isa = PBXGroup;
			children = (
				8AEABD9329426BA200E37FED /* Registration.swift */,
			);
			path = View;
			sourceTree = "<group>";
		};
		8AEABD762942687C00E37FED /* Presenter */ = {
			isa = PBXGroup;
			children = (
				8AEABD9129426B7B00E37FED /* LoginPresenter.swift */,
			);
			path = Presenter;
			sourceTree = "<group>";
		};
		8AEABD772942687F00E37FED /* View */ = {
			isa = PBXGroup;
			children = (
				8AEABD8F29426B6400E37FED /* Login.swift */,
			);
			path = View;
			sourceTree = "<group>";
		};
		8AEABD782942688E00E37FED /* Presenter */ = {
			isa = PBXGroup;
			children = (
				8AEABD8C29426B0F00E37FED /* ScreensaverPresenter.swift */,
			);
			path = Presenter;
			sourceTree = "<group>";
		};
		8AEABD792942689100E37FED /* View */ = {
			isa = PBXGroup;
			children = (
				8AEABD8A29426AEF00E37FED /* Screensaver.swift */,
			);
			path = View;
			sourceTree = "<group>";
		};
		8AEABD8829426A0500E37FED /* Empty cell */ = {
			isa = PBXGroup;
			children = (
				8AEABD86294269EA00E37FED /* EmptyCell.swift */,
			);
			path = "Empty cell";
			sourceTree = "<group>";
		};
		8AEABDA229426C5C00E37FED /* Tsests */ = {
			isa = PBXGroup;
			children = (
			);
			path = Tsests;
			sourceTree = "<group>";
		};
		8AEABDC129426EA900E37FED /* Requests Setings Api */ = {
			isa = PBXGroup;
			children = (
				8AEABDC229426EF300E37FED /* RequestsSetings.swift */,
			);
			path = "Requests Setings Api";
			sourceTree = "<group>";
		};
		8AEABDC429426F1400E37FED /* Collection favorite object Module */ = {
			isa = PBXGroup;
			children = (
				8AEABDC929426F8900E37FED /* Cell */,
				8AEABDC629426F3100E37FED /* View */,
				8AEABDC529426F2E00E37FED /* Presenter */,
			);
			path = "Collection favorite object Module";
			sourceTree = "<group>";
		};
		8AEABDC529426F2E00E37FED /* Presenter */ = {
			isa = PBXGroup;
			children = (
				8AEABDCD2942700500E37FED /* FavoriteObjectsPresenter.swift */,
			);
			path = Presenter;
			sourceTree = "<group>";
		};
		8AEABDC629426F3100E37FED /* View */ = {
			isa = PBXGroup;
			children = (
				8AEABDC729426F8100E37FED /* FavoriteObjectsCollection.swift */,
			);
			path = View;
			sourceTree = "<group>";
		};
		8AEABDC929426F8900E37FED /* Cell */ = {
			isa = PBXGroup;
			children = (
				8AEABDCA29426FAC00E37FED /* FavoriteObjectsCell.swift */,
			);
			path = Cell;
			sourceTree = "<group>";
		};
		8AEABDCF29427A1900E37FED /* Interface style extension */ = {
			isa = PBXGroup;
			children = (
				8AEABDD029427A4E00E37FED /* InterfaceStyle.swift */,
			);
			path = "Interface style extension";
			sourceTree = "<group>";
		};
		8AEABDD42942CB6400E37FED /* Presentansion object Module */ = {
			isa = PBXGroup;
			children = (
				8AEABDD62942CB9C00E37FED /* Presenter */,
				8AEABDD52942CB8300E37FED /* View */,
			);
			path = "Presentansion object Module";
			sourceTree = "<group>";
		};
		8AEABDD52942CB8300E37FED /* View */ = {
			isa = PBXGroup;
			children = (
				8AEABDD92942CBE800E37FED /* PresentansionObject.swift */,
			);
			path = View;
			sourceTree = "<group>";
		};
		8AEABDD62942CB9C00E37FED /* Presenter */ = {
			isa = PBXGroup;
			children = (
				8AEABDD72942CBC800E37FED /* PresentansionObjectPresenter.swift */,
			);
			path = Presenter;
			sourceTree = "<group>";
		};
/* End PBXGroup section */

/* Begin PBXNativeTarget section */
		8AE0EB1C277A3A9B002ADA32 /* Barcelona guide */ = {
			isa = PBXNativeTarget;
			buildConfigurationList = 8AE0EB34277A3A9C002ADA32 /* Build configuration list for PBXNativeTarget "Barcelona guide" */;
			buildPhases = (
				8AE0EB19277A3A9B002ADA32 /* Sources */,
				8AE0EB1A277A3A9B002ADA32 /* Frameworks */,
				8AE0EB1B277A3A9B002ADA32 /* Resources */,
			);
			buildRules = (
			);
			dependencies = (
			);
			name = "Barcelona guide";
			packageProductDependencies = (
				8A454763278A1B4B001A3F67 /* FirebaseAnalytics */,
				8A454765278A1B4B001A3F67 /* FirebaseAuth */,
				8A454767278A1B4B001A3F67 /* FirebaseDatabase */,
				8A454769278A1B4B001A3F67 /* FirebaseDynamicLinks */,
				8A45476B278A1B4B001A3F67 /* FirebaseFirestore */,
				8A45476D278A1B4B001A3F67 /* FirebaseFunctions */,
				8A45476F278A1B4B001A3F67 /* FirebaseInstallations */,
				8A454771278A1B4B001A3F67 /* FirebaseMessaging */,
				8A454773278A1B4B001A3F67 /* FirebasePerformance */,
				8A454775278A1B4B001A3F67 /* FirebaseStorage */,
			);
			productName = "Barcelona guide";
			productReference = 8AE0EB1D277A3A9B002ADA32 /* Barcelona guide.app */;
			productType = "com.apple.product-type.application";
		};
/* End PBXNativeTarget section */

/* Begin PBXProject section */
		8AE0EB15277A3A9B002ADA32 /* Project object */ = {
			isa = PBXProject;
			attributes = {
				BuildIndependentTargetsInParallel = 1;
				LastSwiftUpdateCheck = 1310;
				LastUpgradeCheck = 1310;
				TargetAttributes = {
					8AE0EB1C277A3A9B002ADA32 = {
						CreatedOnToolsVersion = 13.1;
					};
				};
			};
			buildConfigurationList = 8AE0EB18277A3A9B002ADA32 /* Build configuration list for PBXProject "Barcelona guide" */;
			compatibilityVersion = "Xcode 13.0";
			developmentRegion = en;
			hasScannedForEncodings = 0;
			knownRegions = (
				en,
				Base,
			);
			mainGroup = 8AE0EB14277A3A9B002ADA32;
			packageReferences = (
				8A454762278A1B4B001A3F67 /* XCRemoteSwiftPackageReference "firebase-ios-sdk" */,
			);
			productRefGroup = 8AE0EB1E277A3A9B002ADA32 /* Products */;
			projectDirPath = "";
			projectRoot = "";
			targets = (
				8AE0EB1C277A3A9B002ADA32 /* Barcelona guide */,
			);
		};
/* End PBXProject section */

/* Begin PBXResourcesBuildPhase section */
		8AE0EB1B277A3A9B002ADA32 /* Resources */ = {
			isa = PBXResourcesBuildPhase;
			buildActionMask = 2147483647;
			files = (
				8AE0EB30277A3A9C002ADA32 /* LaunchScreen.storyboard in Resources */,
				8A454761278A1A7B001A3F67 /* GoogleService-Info.plist in Resources */,
				8AE0EB2D277A3A9C002ADA32 /* Assets.xcassets in Resources */,
				8AE0EB28277A3A9B002ADA32 /* Main.storyboard in Resources */,
			);
			runOnlyForDeploymentPostprocessing = 0;
		};
/* End PBXResourcesBuildPhase section */

/* Begin PBXSourcesBuildPhase section */
		8AE0EB19277A3A9B002ADA32 /* Sources */ = {
			isa = PBXSourcesBuildPhase;
			buildActionMask = 2147483647;
			files = (
				8AEABDBE29426E7C00E37FED /* RequestsUser.swift in Sources */,
				8AEABD9829426BE900E37FED /* Mapa.swift in Sources */,
				8AE0EB3A277A6C86002ADA32 /* Alert.swift in Sources */,
				8AEABD9629426BB200E37FED /* RegistrationPresenter.swift in Sources */,
				8AEABD8B29426AEF00E37FED /* Screensaver.swift in Sources */,
				8AE0EB38277A449D002ADA32 /* Utils.swift in Sources */,
				8AEABDDA2942CBE800E37FED /* PresentansionObject.swift in Sources */,
				8AEABDC029426E9F00E37FED /* RequestsHashtag.swift in Sources */,
				8AE0EB2B277A3A9B002ADA32 /* Barcelona_guide.xcdatamodeld in Sources */,
				8AEABD9229426B7B00E37FED /* LoginPresenter.swift in Sources */,
				8AE0EB25277A3A9B002ADA32 /* ViewController.swift in Sources */,
				8AEABD9429426BA200E37FED /* Registration.swift in Sources */,
				8AEABDAA29426D5000E37FED /* TextFieldExtension.swift in Sources */,
				8AE0EB21277A3A9B002ADA32 /* AppDelegate.swift in Sources */,
				8AEABDD129427A4E00E37FED /* InterfaceStyle.swift in Sources */,
				8AEABD7D294268DC00E37FED /* Setings.swift in Sources */,
				8AEABDCE2942700500E37FED /* FavoriteObjectsPresenter.swift in Sources */,
				8AEABDBC29426E5F00E37FED /* RequestsForRegistration.swift in Sources */,
				8AEABD852942697000E37FED /* LocationCell.swift in Sources */,
				8A45477C278A1FE3001A3F67 /* CheckUserController.swift in Sources */,
				8A2E261827876B9700B866E8 /* PresentRoute.swift in Sources */,
				8AEABD7F294268ED00E37FED /* Object.swift in Sources */,
				8AEABDB629426E0000E37FED /* AnchoredConstraintsExtension.swift in Sources */,
				8AEABDA629426CD100E37FED /* ButtonExtension.swift in Sources */,
				8A45477A278A1C3A001A3F67 /* RegistrationController.swift in Sources */,
				8AEABDD82942CBC800E37FED /* PresentansionObjectPresenter.swift in Sources */,
				8A2E26162786444E00B866E8 /* Route.swift in Sources */,
				8AEABDB429426DE500E37FED /* LoadAndCacheImageObject.swift in Sources */,
				8AEABD6C294267BD00E37FED /* Builder.swift in Sources */,
				8AEABDC329426EF300E37FED /* RequestsSetings.swift in Sources */,
				8AEABDD329427A6E00E37FED /* Сolors.swift in Sources */,
				8AEABD8D29426B0F00E37FED /* ScreensaverPresenter.swift in Sources */,
				8AEABDA829426D3600E37FED /* LabelExtension.swift in Sources */,
				8AEABD9029426B6400E37FED /* Login.swift in Sources */,
				8AEABD832942694B00E37FED /* CollectionLocations.swift in Sources */,
				8AEABDB029426D9A00E37FED /* FirestoreRequestExtension.swift in Sources */,
				8AEABD9E29426C3100E37FED /* Settings.swift in Sources */,
				8A2E2614278643ED00B866E8 /* CollectionRoute.swift in Sources */,
				8AE0EB23277A3A9B002ADA32 /* SceneDelegate.swift in Sources */,
				8AEABD81294268FD00E37FED /* User.swift in Sources */,
				8AEABDAE29426D7D00E37FED /* FetchCurrentUser.swift in Sources */,
				8AEABD87294269EA00E37FED /* EmptyCell.swift in Sources */,
				8A454778278A1BE5001A3F67 /* LoginController.swift in Sources */,
				8AEABDA029426C3F00E37FED /* SettingsPresenter.swift in Sources */,
				8AEABDCB29426FAC00E37FED /* FavoriteObjectsCell.swift in Sources */,
				8AEABD7B294268CB00E37FED /* Hashtag.swift in Sources */,
				8AEABDB829426E2900E37FED /* RequestsObjects.swift in Sources */,
				8AEABDC829426F8100E37FED /* FavoriteObjectsCollection.swift in Sources */,
				8AEABDAC29426D6400E37FED /* AlertExtension.swift in Sources */,
				8AEABD9C29426C1C00E37FED /* CollectionLocationsPresenter.swift in Sources */,
				8AEABD6A294267A600E37FED /* Router.swift in Sources */,
				8AEABDBA29426E4300E37FED /* RequestsForLogin.swift in Sources */,
				8AEABD9A29426BF900E37FED /* MapaPresenter.swift in Sources */,
				8AEABDB229426DC200E37FED /* LoadAndCacheImageUser.swift in Sources */,
			);
			runOnlyForDeploymentPostprocessing = 0;
		};
/* End PBXSourcesBuildPhase section */

/* Begin PBXVariantGroup section */
		8AE0EB26277A3A9B002ADA32 /* Main.storyboard */ = {
			isa = PBXVariantGroup;
			children = (
				8AE0EB27277A3A9B002ADA32 /* Base */,
			);
			name = Main.storyboard;
			sourceTree = "<group>";
		};
		8AE0EB2E277A3A9C002ADA32 /* LaunchScreen.storyboard */ = {
			isa = PBXVariantGroup;
			children = (
				8AE0EB2F277A3A9C002ADA32 /* Base */,
			);
			name = LaunchScreen.storyboard;
			sourceTree = "<group>";
		};
/* End PBXVariantGroup section */

/* Begin XCBuildConfiguration section */
		8AE0EB32277A3A9C002ADA32 /* Debug */ = {
			isa = XCBuildConfiguration;
			buildSettings = {
				ALWAYS_SEARCH_USER_PATHS = NO;
				CLANG_ANALYZER_NONNULL = YES;
				CLANG_ANALYZER_NUMBER_OBJECT_CONVERSION = YES_AGGRESSIVE;
				CLANG_CXX_LANGUAGE_STANDARD = "gnu++17";
				CLANG_CXX_LIBRARY = "libc++";
				CLANG_ENABLE_MODULES = YES;
				CLANG_ENABLE_OBJC_ARC = YES;
				CLANG_ENABLE_OBJC_WEAK = YES;
				CLANG_WARN_BLOCK_CAPTURE_AUTORELEASING = YES;
				CLANG_WARN_BOOL_CONVERSION = YES;
				CLANG_WARN_COMMA = YES;
				CLANG_WARN_CONSTANT_CONVERSION = YES;
				CLANG_WARN_DEPRECATED_OBJC_IMPLEMENTATIONS = YES;
				CLANG_WARN_DIRECT_OBJC_ISA_USAGE = YES_ERROR;
				CLANG_WARN_DOCUMENTATION_COMMENTS = YES;
				CLANG_WARN_EMPTY_BODY = YES;
				CLANG_WARN_ENUM_CONVERSION = YES;
				CLANG_WARN_INFINITE_RECURSION = YES;
				CLANG_WARN_INT_CONVERSION = YES;
				CLANG_WARN_NON_LITERAL_NULL_CONVERSION = YES;
				CLANG_WARN_OBJC_IMPLICIT_RETAIN_SELF = YES;
				CLANG_WARN_OBJC_LITERAL_CONVERSION = YES;
				CLANG_WARN_OBJC_ROOT_CLASS = YES_ERROR;
				CLANG_WARN_QUOTED_INCLUDE_IN_FRAMEWORK_HEADER = YES;
				CLANG_WARN_RANGE_LOOP_ANALYSIS = YES;
				CLANG_WARN_STRICT_PROTOTYPES = YES;
				CLANG_WARN_SUSPICIOUS_MOVE = YES;
				CLANG_WARN_UNGUARDED_AVAILABILITY = YES_AGGRESSIVE;
				CLANG_WARN_UNREACHABLE_CODE = YES;
				CLANG_WARN__DUPLICATE_METHOD_MATCH = YES;
				COPY_PHASE_STRIP = NO;
				DEBUG_INFORMATION_FORMAT = dwarf;
				ENABLE_STRICT_OBJC_MSGSEND = YES;
				ENABLE_TESTABILITY = YES;
				GCC_C_LANGUAGE_STANDARD = gnu11;
				GCC_DYNAMIC_NO_PIC = NO;
				GCC_NO_COMMON_BLOCKS = YES;
				GCC_OPTIMIZATION_LEVEL = 0;
				GCC_PREPROCESSOR_DEFINITIONS = (
					"DEBUG=1",
					"$(inherited)",
				);
				GCC_WARN_64_TO_32_BIT_CONVERSION = YES;
				GCC_WARN_ABOUT_RETURN_TYPE = YES_ERROR;
				GCC_WARN_UNDECLARED_SELECTOR = YES;
				GCC_WARN_UNINITIALIZED_AUTOS = YES_AGGRESSIVE;
				GCC_WARN_UNUSED_FUNCTION = YES;
				GCC_WARN_UNUSED_VARIABLE = YES;
				IPHONEOS_DEPLOYMENT_TARGET = 15.0;
				MTL_ENABLE_DEBUG_INFO = INCLUDE_SOURCE;
				MTL_FAST_MATH = YES;
				ONLY_ACTIVE_ARCH = YES;
				SDKROOT = iphoneos;
				SWIFT_ACTIVE_COMPILATION_CONDITIONS = DEBUG;
				SWIFT_OPTIMIZATION_LEVEL = "-Onone";
			};
			name = Debug;
		};
		8AE0EB33277A3A9C002ADA32 /* Release */ = {
			isa = XCBuildConfiguration;
			buildSettings = {
				ALWAYS_SEARCH_USER_PATHS = NO;
				CLANG_ANALYZER_NONNULL = YES;
				CLANG_ANALYZER_NUMBER_OBJECT_CONVERSION = YES_AGGRESSIVE;
				CLANG_CXX_LANGUAGE_STANDARD = "gnu++17";
				CLANG_CXX_LIBRARY = "libc++";
				CLANG_ENABLE_MODULES = YES;
				CLANG_ENABLE_OBJC_ARC = YES;
				CLANG_ENABLE_OBJC_WEAK = YES;
				CLANG_WARN_BLOCK_CAPTURE_AUTORELEASING = YES;
				CLANG_WARN_BOOL_CONVERSION = YES;
				CLANG_WARN_COMMA = YES;
				CLANG_WARN_CONSTANT_CONVERSION = YES;
				CLANG_WARN_DEPRECATED_OBJC_IMPLEMENTATIONS = YES;
				CLANG_WARN_DIRECT_OBJC_ISA_USAGE = YES_ERROR;
				CLANG_WARN_DOCUMENTATION_COMMENTS = YES;
				CLANG_WARN_EMPTY_BODY = YES;
				CLANG_WARN_ENUM_CONVERSION = YES;
				CLANG_WARN_INFINITE_RECURSION = YES;
				CLANG_WARN_INT_CONVERSION = YES;
				CLANG_WARN_NON_LITERAL_NULL_CONVERSION = YES;
				CLANG_WARN_OBJC_IMPLICIT_RETAIN_SELF = YES;
				CLANG_WARN_OBJC_LITERAL_CONVERSION = YES;
				CLANG_WARN_OBJC_ROOT_CLASS = YES_ERROR;
				CLANG_WARN_QUOTED_INCLUDE_IN_FRAMEWORK_HEADER = YES;
				CLANG_WARN_RANGE_LOOP_ANALYSIS = YES;
				CLANG_WARN_STRICT_PROTOTYPES = YES;
				CLANG_WARN_SUSPICIOUS_MOVE = YES;
				CLANG_WARN_UNGUARDED_AVAILABILITY = YES_AGGRESSIVE;
				CLANG_WARN_UNREACHABLE_CODE = YES;
				CLANG_WARN__DUPLICATE_METHOD_MATCH = YES;
				COPY_PHASE_STRIP = NO;
				DEBUG_INFORMATION_FORMAT = "dwarf-with-dsym";
				ENABLE_NS_ASSERTIONS = NO;
				ENABLE_STRICT_OBJC_MSGSEND = YES;
				GCC_C_LANGUAGE_STANDARD = gnu11;
				GCC_NO_COMMON_BLOCKS = YES;
				GCC_WARN_64_TO_32_BIT_CONVERSION = YES;
				GCC_WARN_ABOUT_RETURN_TYPE = YES_ERROR;
				GCC_WARN_UNDECLARED_SELECTOR = YES;
				GCC_WARN_UNINITIALIZED_AUTOS = YES_AGGRESSIVE;
				GCC_WARN_UNUSED_FUNCTION = YES;
				GCC_WARN_UNUSED_VARIABLE = YES;
				IPHONEOS_DEPLOYMENT_TARGET = 15.0;
				MTL_ENABLE_DEBUG_INFO = NO;
				MTL_FAST_MATH = YES;
				SDKROOT = iphoneos;
				SWIFT_COMPILATION_MODE = wholemodule;
				SWIFT_OPTIMIZATION_LEVEL = "-O";
				VALIDATE_PRODUCT = YES;
			};
			name = Release;
		};
		8AE0EB35277A3A9C002ADA32 /* Debug */ = {
			isa = XCBuildConfiguration;
			buildSettings = {
				ASSETCATALOG_COMPILER_APPICON_NAME = AppIcon;
				ASSETCATALOG_COMPILER_GLOBAL_ACCENT_COLOR_NAME = AccentColor;
				CODE_SIGN_STYLE = Automatic;
				CURRENT_PROJECT_VERSION = 1;
				DEVELOPMENT_TEAM = J8HRCHW3ZN;
				GENERATE_INFOPLIST_FILE = YES;
				INFOPLIST_FILE = "Barcelona guide/Info.plist";
				INFOPLIST_KEY_CFBundleDisplayName = "Te lo doy";
				INFOPLIST_KEY_NSLocationAlwaysUsageDescription = "Let us access your current location so that we can auto-complete your original / final destination";
				INFOPLIST_KEY_NSLocationWhenInUseUsageDescription = "This is necessary for building routes.";
				INFOPLIST_KEY_UIApplicationSupportsIndirectInputEvents = YES;
				INFOPLIST_KEY_UILaunchStoryboardName = LaunchScreen;
				INFOPLIST_KEY_UIMainStoryboardFile = Main;
				INFOPLIST_KEY_UISupportedInterfaceOrientations_iPad = "UIInterfaceOrientationPortrait UIInterfaceOrientationPortraitUpsideDown UIInterfaceOrientationLandscapeLeft UIInterfaceOrientationLandscapeRight";
				INFOPLIST_KEY_UISupportedInterfaceOrientations_iPhone = "UIInterfaceOrientationPortrait UIInterfaceOrientationLandscapeLeft UIInterfaceOrientationLandscapeRight";
				LD_RUNPATH_SEARCH_PATHS = (
					"$(inherited)",
					"@executable_path/Frameworks",
				);
				MARKETING_VERSION = 1.0;
				PRODUCT_BUNDLE_IDENTIFIER = "Save-routes-guide";
				PRODUCT_NAME = "$(TARGET_NAME)";
				SWIFT_EMIT_LOC_STRINGS = YES;
				SWIFT_VERSION = 5.0;
				TARGETED_DEVICE_FAMILY = "1,2";
			};
			name = Debug;
		};
		8AE0EB36277A3A9C002ADA32 /* Release */ = {
			isa = XCBuildConfiguration;
			buildSettings = {
				ASSETCATALOG_COMPILER_APPICON_NAME = AppIcon;
				ASSETCATALOG_COMPILER_GLOBAL_ACCENT_COLOR_NAME = AccentColor;
				CODE_SIGN_STYLE = Automatic;
				CURRENT_PROJECT_VERSION = 1;
				DEVELOPMENT_TEAM = J8HRCHW3ZN;
				GENERATE_INFOPLIST_FILE = YES;
				INFOPLIST_FILE = "Barcelona guide/Info.plist";
				INFOPLIST_KEY_CFBundleDisplayName = "Te lo doy";
				INFOPLIST_KEY_NSLocationAlwaysUsageDescription = "Let us access your current location so that we can auto-complete your original / final destination";
				INFOPLIST_KEY_NSLocationWhenInUseUsageDescription = "This is necessary for building routes.";
				INFOPLIST_KEY_UIApplicationSupportsIndirectInputEvents = YES;
				INFOPLIST_KEY_UILaunchStoryboardName = LaunchScreen;
				INFOPLIST_KEY_UIMainStoryboardFile = Main;
				INFOPLIST_KEY_UISupportedInterfaceOrientations_iPad = "UIInterfaceOrientationPortrait UIInterfaceOrientationPortraitUpsideDown UIInterfaceOrientationLandscapeLeft UIInterfaceOrientationLandscapeRight";
				INFOPLIST_KEY_UISupportedInterfaceOrientations_iPhone = "UIInterfaceOrientationPortrait UIInterfaceOrientationLandscapeLeft UIInterfaceOrientationLandscapeRight";
				LD_RUNPATH_SEARCH_PATHS = (
					"$(inherited)",
					"@executable_path/Frameworks",
				);
				MARKETING_VERSION = 1.0;
				PRODUCT_BUNDLE_IDENTIFIER = "Save-routes-guide";
				PRODUCT_NAME = "$(TARGET_NAME)";
				SWIFT_EMIT_LOC_STRINGS = YES;
				SWIFT_VERSION = 5.0;
				TARGETED_DEVICE_FAMILY = "1,2";
			};
			name = Release;
		};
/* End XCBuildConfiguration section */

/* Begin XCConfigurationList section */
		8AE0EB18277A3A9B002ADA32 /* Build configuration list for PBXProject "Barcelona guide" */ = {
			isa = XCConfigurationList;
			buildConfigurations = (
				8AE0EB32277A3A9C002ADA32 /* Debug */,
				8AE0EB33277A3A9C002ADA32 /* Release */,
			);
			defaultConfigurationIsVisible = 0;
			defaultConfigurationName = Release;
		};
		8AE0EB34277A3A9C002ADA32 /* Build configuration list for PBXNativeTarget "Barcelona guide" */ = {
			isa = XCConfigurationList;
			buildConfigurations = (
				8AE0EB35277A3A9C002ADA32 /* Debug */,
				8AE0EB36277A3A9C002ADA32 /* Release */,
			);
			defaultConfigurationIsVisible = 0;
			defaultConfigurationName = Release;
		};
/* End XCConfigurationList section */

/* Begin XCRemoteSwiftPackageReference section */
		8A454762278A1B4B001A3F67 /* XCRemoteSwiftPackageReference "firebase-ios-sdk" */ = {
			isa = XCRemoteSwiftPackageReference;
			repositoryURL = "https://github.com/firebase/firebase-ios-sdk";
			requirement = {
				kind = upToNextMajorVersion;
				minimumVersion = 8.0.0;
			};
		};
/* End XCRemoteSwiftPackageReference section */

/* Begin XCSwiftPackageProductDependency section */
		8A454763278A1B4B001A3F67 /* FirebaseAnalytics */ = {
			isa = XCSwiftPackageProductDependency;
			package = 8A454762278A1B4B001A3F67 /* XCRemoteSwiftPackageReference "firebase-ios-sdk" */;
			productName = FirebaseAnalytics;
		};
		8A454765278A1B4B001A3F67 /* FirebaseAuth */ = {
			isa = XCSwiftPackageProductDependency;
			package = 8A454762278A1B4B001A3F67 /* XCRemoteSwiftPackageReference "firebase-ios-sdk" */;
			productName = FirebaseAuth;
		};
		8A454767278A1B4B001A3F67 /* FirebaseDatabase */ = {
			isa = XCSwiftPackageProductDependency;
			package = 8A454762278A1B4B001A3F67 /* XCRemoteSwiftPackageReference "firebase-ios-sdk" */;
			productName = FirebaseDatabase;
		};
		8A454769278A1B4B001A3F67 /* FirebaseDynamicLinks */ = {
			isa = XCSwiftPackageProductDependency;
			package = 8A454762278A1B4B001A3F67 /* XCRemoteSwiftPackageReference "firebase-ios-sdk" */;
			productName = FirebaseDynamicLinks;
		};
		8A45476B278A1B4B001A3F67 /* FirebaseFirestore */ = {
			isa = XCSwiftPackageProductDependency;
			package = 8A454762278A1B4B001A3F67 /* XCRemoteSwiftPackageReference "firebase-ios-sdk" */;
			productName = FirebaseFirestore;
		};
		8A45476D278A1B4B001A3F67 /* FirebaseFunctions */ = {
			isa = XCSwiftPackageProductDependency;
			package = 8A454762278A1B4B001A3F67 /* XCRemoteSwiftPackageReference "firebase-ios-sdk" */;
			productName = FirebaseFunctions;
		};
		8A45476F278A1B4B001A3F67 /* FirebaseInstallations */ = {
			isa = XCSwiftPackageProductDependency;
			package = 8A454762278A1B4B001A3F67 /* XCRemoteSwiftPackageReference "firebase-ios-sdk" */;
			productName = FirebaseInstallations;
		};
		8A454771278A1B4B001A3F67 /* FirebaseMessaging */ = {
			isa = XCSwiftPackageProductDependency;
			package = 8A454762278A1B4B001A3F67 /* XCRemoteSwiftPackageReference "firebase-ios-sdk" */;
			productName = FirebaseMessaging;
		};
		8A454773278A1B4B001A3F67 /* FirebasePerformance */ = {
			isa = XCSwiftPackageProductDependency;
			package = 8A454762278A1B4B001A3F67 /* XCRemoteSwiftPackageReference "firebase-ios-sdk" */;
			productName = FirebasePerformance;
		};
		8A454775278A1B4B001A3F67 /* FirebaseStorage */ = {
			isa = XCSwiftPackageProductDependency;
			package = 8A454762278A1B4B001A3F67 /* XCRemoteSwiftPackageReference "firebase-ios-sdk" */;
			productName = FirebaseStorage;
		};
/* End XCSwiftPackageProductDependency section */

/* Begin XCVersionGroup section */
		8AE0EB29277A3A9B002ADA32 /* Barcelona_guide.xcdatamodeld */ = {
			isa = XCVersionGroup;
			children = (
				8AE0EB2A277A3A9B002ADA32 /* Barcelona_guide.xcdatamodel */,
			);
			currentVersion = 8AE0EB2A277A3A9B002ADA32 /* Barcelona_guide.xcdatamodel */;
			path = Barcelona_guide.xcdatamodeld;
			sourceTree = "<group>";
			versionGroupType = wrapper.xcdatamodel;
		};
/* End XCVersionGroup section */
	};
	rootObject = 8AE0EB15277A3A9B002ADA32 /* Project object */;
}
