// !$*UTF8*$!
{
	archiveVersion = 1;
	classes = {
	};
	objectVersion = 55;
	objects = {

/* Begin PBXBuildFile section */
		8AE0EB21277A3A9B002ADA32 /* AppDelegate.swift in Sources */ = {isa = PBXBuildFile; fileRef = 8AE0EB20277A3A9B002ADA32 /* AppDelegate.swift */; };
		8AE0EB23277A3A9B002ADA32 /* SceneDelegate.swift in Sources */ = {isa = PBXBuildFile; fileRef = 8AE0EB22277A3A9B002ADA32 /* SceneDelegate.swift */; };
		8AE0EB25277A3A9B002ADA32 /* ViewController.swift in Sources */ = {isa = PBXBuildFile; fileRef = 8AE0EB24277A3A9B002ADA32 /* ViewController.swift */; };
		8AE0EB28277A3A9B002ADA32 /* Main.storyboard in Resources */ = {isa = PBXBuildFile; fileRef = 8AE0EB26277A3A9B002ADA32 /* Main.storyboard */; };
		8AE0EB2B277A3A9B002ADA32 /* Barcelona_guide.xcdatamodeld in Sources */ = {isa = PBXBuildFile; fileRef = 8AE0EB29277A3A9B002ADA32 /* Barcelona_guide.xcdatamodeld */; };
		8AE0EB2D277A3A9C002ADA32 /* Assets.xcassets in Resources */ = {isa = PBXBuildFile; fileRef = 8AE0EB2C277A3A9C002ADA32 /* Assets.xcassets */; };
		8AE0EB30277A3A9C002ADA32 /* LaunchScreen.storyboard in Resources */ = {isa = PBXBuildFile; fileRef = 8AE0EB2E277A3A9C002ADA32 /* LaunchScreen.storyboard */; };
		8AE0EB38277A449D002ADA32 /* Utils.swift in Sources */ = {isa = PBXBuildFile; fileRef = 8AE0EB37277A449D002ADA32 /* Utils.swift */; };
		8AE0EB3A277A6C86002ADA32 /* Alert.swift in Sources */ = {isa = PBXBuildFile; fileRef = 8AE0EB39277A6C86002ADA32 /* Alert.swift */; };
/* End PBXBuildFile section */

/* Begin PBXFileReference section */
		8AE0EB1D277A3A9B002ADA32 /* Barcelona guide.app */ = {isa = PBXFileReference; explicitFileType = wrapper.application; includeInIndex = 0; path = "Barcelona guide.app"; sourceTree = BUILT_PRODUCTS_DIR; };
		8AE0EB20277A3A9B002ADA32 /* AppDelegate.swift */ = {isa = PBXFileReference; lastKnownFileType = sourcecode.swift; path = AppDelegate.swift; sourceTree = "<group>"; };
		8AE0EB22277A3A9B002ADA32 /* SceneDelegate.swift */ = {isa = PBXFileReference; lastKnownFileType = sourcecode.swift; path = SceneDelegate.swift; sourceTree = "<group>"; };
		8AE0EB24277A3A9B002ADA32 /* ViewController.swift */ = {isa = PBXFileReference; lastKnownFileType = sourcecode.swift; path = ViewController.swift; sourceTree = "<group>"; };
		8AE0EB27277A3A9B002ADA32 /* Base */ = {isa = PBXFileReference; lastKnownFileType = file.storyboard; name = Base; path = Base.lproj/Main.storyboard; sourceTree = "<group>"; };
		8AE0EB2A277A3A9B002ADA32 /* Barcelona_guide.xcdatamodel */ = {isa = PBXFileReference; lastKnownFileType = wrapper.xcdatamodel; path = Barcelona_guide.xcdatamodel; sourceTree = "<group>"; };
		8AE0EB2C277A3A9C002ADA32 /* Assets.xcassets */ = {isa = PBXFileReference; lastKnownFileType = folder.assetcatalog; path = Assets.xcassets; sourceTree = "<group>"; };
		8AE0EB2F277A3A9C002ADA32 /* Base */ = {isa = PBXFileReference; lastKnownFileType = file.storyboard; name = Base; path = Base.lproj/LaunchScreen.storyboard; sourceTree = "<group>"; };
		8AE0EB31277A3A9C002ADA32 /* Info.plist */ = {isa = PBXFileReference; lastKnownFileType = text.plist.xml; path = Info.plist; sourceTree = "<group>"; };
		8AE0EB37277A449D002ADA32 /* Utils.swift */ = {isa = PBXFileReference; lastKnownFileType = sourcecode.swift; path = Utils.swift; sourceTree = "<group>"; };
		8AE0EB39277A6C86002ADA32 /* Alert.swift */ = {isa = PBXFileReference; lastKnownFileType = sourcecode.swift; path = Alert.swift; sourceTree = "<group>"; };
/* End PBXFileReference section */

/* Begin PBXFrameworksBuildPhase section */
		8AE0EB1A277A3A9B002ADA32 /* Frameworks */ = {
			isa = PBXFrameworksBuildPhase;
			buildActionMask = 2147483647;
			files = (
			);
			runOnlyForDeploymentPostprocessing = 0;
		};
/* End PBXFrameworksBuildPhase section */

/* Begin PBXGroup section */
		8AE0EB14277A3A9B002ADA32 = {
			isa = PBXGroup;
			children = (
				8AE0EB1F277A3A9B002ADA32 /* Barcelona guide */,
				8AE0EB1E277A3A9B002ADA32 /* Products */,
			);
			sourceTree = "<group>";
		};
		8AE0EB1E277A3A9B002ADA32 /* Products */ = {
			isa = PBXGroup;
			children = (
				8AE0EB1D277A3A9B002ADA32 /* Barcelona guide.app */,
			);
			name = Products;
			sourceTree = "<group>";
		};
		8AE0EB1F277A3A9B002ADA32 /* Barcelona guide */ = {
			isa = PBXGroup;
			children = (
				8AE0EB20277A3A9B002ADA32 /* AppDelegate.swift */,
				8AE0EB22277A3A9B002ADA32 /* SceneDelegate.swift */,
				8AE0EB24277A3A9B002ADA32 /* ViewController.swift */,
				8AE0EB39277A6C86002ADA32 /* Alert.swift */,
				8AE0EB37277A449D002ADA32 /* Utils.swift */,
				8AE0EB26277A3A9B002ADA32 /* Main.storyboard */,
				8AE0EB2C277A3A9C002ADA32 /* Assets.xcassets */,
				8AE0EB2E277A3A9C002ADA32 /* LaunchScreen.storyboard */,
				8AE0EB31277A3A9C002ADA32 /* Info.plist */,
				8AE0EB29277A3A9B002ADA32 /* Barcelona_guide.xcdatamodeld */,
			);
			path = "Barcelona guide";
			sourceTree = "<group>";
		};
/* End PBXGroup section */

/* Begin PBXNativeTarget section */
		8AE0EB1C277A3A9B002ADA32 /* Barcelona guide */ = {
			isa = PBXNativeTarget;
			buildConfigurationList = 8AE0EB34277A3A9C002ADA32 /* Build configuration list for PBXNativeTarget "Barcelona guide" */;
			buildPhases = (
				8AE0EB19277A3A9B002ADA32 /* Sources */,
				8AE0EB1A277A3A9B002ADA32 /* Frameworks */,
				8AE0EB1B277A3A9B002ADA32 /* Resources */,
			);
			buildRules = (
			);
			dependencies = (
			);
			name = "Barcelona guide";
			productName = "Barcelona guide";
			productReference = 8AE0EB1D277A3A9B002ADA32 /* Barcelona guide.app */;
			productType = "com.apple.product-type.application";
		};
/* End PBXNativeTarget section */

/* Begin PBXProject section */
		8AE0EB15277A3A9B002ADA32 /* Project object */ = {
			isa = PBXProject;
			attributes = {
				BuildIndependentTargetsInParallel = 1;
				LastSwiftUpdateCheck = 1310;
				LastUpgradeCheck = 1310;
				TargetAttributes = {
					8AE0EB1C277A3A9B002ADA32 = {
						CreatedOnToolsVersion = 13.1;
					};
				};
			};
			buildConfigurationList = 8AE0EB18277A3A9B002ADA32 /* Build configuration list for PBXProject "Barcelona guide" */;
			compatibilityVersion = "Xcode 13.0";
			developmentRegion = en;
			hasScannedForEncodings = 0;
			knownRegions = (
				en,
				Base,
			);
			mainGroup = 8AE0EB14277A3A9B002ADA32;
			productRefGroup = 8AE0EB1E277A3A9B002ADA32 /* Products */;
			projectDirPath = "";
			projectRoot = "";
			targets = (
				8AE0EB1C277A3A9B002ADA32 /* Barcelona guide */,
			);
		};
/* End PBXProject section */

/* Begin PBXResourcesBuildPhase section */
		8AE0EB1B277A3A9B002ADA32 /* Resources */ = {
			isa = PBXResourcesBuildPhase;
			buildActionMask = 2147483647;
			files = (
				8AE0EB30277A3A9C002ADA32 /* LaunchScreen.storyboard in Resources */,
				8AE0EB2D277A3A9C002ADA32 /* Assets.xcassets in Resources */,
				8AE0EB28277A3A9B002ADA32 /* Main.storyboard in Resources */,
			);
			runOnlyForDeploymentPostprocessing = 0;
		};
/* End PBXResourcesBuildPhase section */

/* Begin PBXSourcesBuildPhase section */
		8AE0EB19277A3A9B002ADA32 /* Sources */ = {
			isa = PBXSourcesBuildPhase;
			buildActionMask = 2147483647;
			files = (
				8AE0EB3A277A6C86002ADA32 /* Alert.swift in Sources */,
				8AE0EB38277A449D002ADA32 /* Utils.swift in Sources */,
				8AE0EB2B277A3A9B002ADA32 /* Barcelona_guide.xcdatamodeld in Sources */,
				8AE0EB25277A3A9B002ADA32 /* ViewController.swift in Sources */,
				8AE0EB21277A3A9B002ADA32 /* AppDelegate.swift in Sources */,
				8AE0EB23277A3A9B002ADA32 /* SceneDelegate.swift in Sources */,
			);
			runOnlyForDeploymentPostprocessing = 0;
		};
/* End PBXSourcesBuildPhase section */

/* Begin PBXVariantGroup section */
		8AE0EB26277A3A9B002ADA32 /* Main.storyboard */ = {
			isa = PBXVariantGroup;
			children = (
				8AE0EB27277A3A9B002ADA32 /* Base */,
			);
			name = Main.storyboard;
			sourceTree = "<group>";
		};
		8AE0EB2E277A3A9C002ADA32 /* LaunchScreen.storyboard */ = {
			isa = PBXVariantGroup;
			children = (
				8AE0EB2F277A3A9C002ADA32 /* Base */,
			);
			name = LaunchScreen.storyboard;
			sourceTree = "<group>";
		};
/* End PBXVariantGroup section */

/* Begin XCBuildConfiguration section */
		8AE0EB32277A3A9C002ADA32 /* Debug */ = {
			isa = XCBuildConfiguration;
			buildSettings = {
				ALWAYS_SEARCH_USER_PATHS = NO;
				CLANG_ANALYZER_NONNULL = YES;
				CLANG_ANALYZER_NUMBER_OBJECT_CONVERSION = YES_AGGRESSIVE;
				CLANG_CXX_LANGUAGE_STANDARD = "gnu++17";
				CLANG_CXX_LIBRARY = "libc++";
				CLANG_ENABLE_MODULES = YES;
				CLANG_ENABLE_OBJC_ARC = YES;
				CLANG_ENABLE_OBJC_WEAK = YES;
				CLANG_WARN_BLOCK_CAPTURE_AUTORELEASING = YES;
				CLANG_WARN_BOOL_CONVERSION = YES;
				CLANG_WARN_COMMA = YES;
				CLANG_WARN_CONSTANT_CONVERSION = YES;
				CLANG_WARN_DEPRECATED_OBJC_IMPLEMENTATIONS = YES;
				CLANG_WARN_DIRECT_OBJC_ISA_USAGE = YES_ERROR;
				CLANG_WARN_DOCUMENTATION_COMMENTS = YES;
				CLANG_WARN_EMPTY_BODY = YES;
				CLANG_WARN_ENUM_CONVERSION = YES;
				CLANG_WARN_INFINITE_RECURSION = YES;
				CLANG_WARN_INT_CONVERSION = YES;
				CLANG_WARN_NON_LITERAL_NULL_CONVERSION = YES;
				CLANG_WARN_OBJC_IMPLICIT_RETAIN_SELF = YES;
				CLANG_WARN_OBJC_LITERAL_CONVERSION = YES;
				CLANG_WARN_OBJC_ROOT_CLASS = YES_ERROR;
				CLANG_WARN_QUOTED_INCLUDE_IN_FRAMEWORK_HEADER = YES;
				CLANG_WARN_RANGE_LOOP_ANALYSIS = YES;
				CLANG_WARN_STRICT_PROTOTYPES = YES;
				CLANG_WARN_SUSPICIOUS_MOVE = YES;
				CLANG_WARN_UNGUARDED_AVAILABILITY = YES_AGGRESSIVE;
				CLANG_WARN_UNREACHABLE_CODE = YES;
				CLANG_WARN__DUPLICATE_METHOD_MATCH = YES;
				COPY_PHASE_STRIP = NO;
				DEBUG_INFORMATION_FORMAT = dwarf;
				ENABLE_STRICT_OBJC_MSGSEND = YES;
				ENABLE_TESTABILITY = YES;
				GCC_C_LANGUAGE_STANDARD = gnu11;
				GCC_DYNAMIC_NO_PIC = NO;
				GCC_NO_COMMON_BLOCKS = YES;
				GCC_OPTIMIZATION_LEVEL = 0;
				GCC_PREPROCESSOR_DEFINITIONS = (
					"DEBUG=1",
					"$(inherited)",
				);
				GCC_WARN_64_TO_32_BIT_CONVERSION = YES;
				GCC_WARN_ABOUT_RETURN_TYPE = YES_ERROR;
				GCC_WARN_UNDECLARED_SELECTOR = YES;
				GCC_WARN_UNINITIALIZED_AUTOS = YES_AGGRESSIVE;
				GCC_WARN_UNUSED_FUNCTION = YES;
				GCC_WARN_UNUSED_VARIABLE = YES;
				IPHONEOS_DEPLOYMENT_TARGET = 15.0;
				MTL_ENABLE_DEBUG_INFO = INCLUDE_SOURCE;
				MTL_FAST_MATH = YES;
				ONLY_ACTIVE_ARCH = YES;
				SDKROOT = iphoneos;
				SWIFT_ACTIVE_COMPILATION_CONDITIONS = DEBUG;
				SWIFT_OPTIMIZATION_LEVEL = "-Onone";
			};
			name = Debug;
		};
		8AE0EB33277A3A9C002ADA32 /* Release */ = {
			isa = XCBuildConfiguration;
			buildSettings = {
				ALWAYS_SEARCH_USER_PATHS = NO;
				CLANG_ANALYZER_NONNULL = YES;
				CLANG_ANALYZER_NUMBER_OBJECT_CONVERSION = YES_AGGRESSIVE;
				CLANG_CXX_LANGUAGE_STANDARD = "gnu++17";
				CLANG_CXX_LIBRARY = "libc++";
				CLANG_ENABLE_MODULES = YES;
				CLANG_ENABLE_OBJC_ARC = YES;
				CLANG_ENABLE_OBJC_WEAK = YES;
				CLANG_WARN_BLOCK_CAPTURE_AUTORELEASING = YES;
				CLANG_WARN_BOOL_CONVERSION = YES;
				CLANG_WARN_COMMA = YES;
				CLANG_WARN_CONSTANT_CONVERSION = YES;
				CLANG_WARN_DEPRECATED_OBJC_IMPLEMENTATIONS = YES;
				CLANG_WARN_DIRECT_OBJC_ISA_USAGE = YES_ERROR;
				CLANG_WARN_DOCUMENTATION_COMMENTS = YES;
				CLANG_WARN_EMPTY_BODY = YES;
				CLANG_WARN_ENUM_CONVERSION = YES;
				CLANG_WARN_INFINITE_RECURSION = YES;
				CLANG_WARN_INT_CONVERSION = YES;
				CLANG_WARN_NON_LITERAL_NULL_CONVERSION = YES;
				CLANG_WARN_OBJC_IMPLICIT_RETAIN_SELF = YES;
				CLANG_WARN_OBJC_LITERAL_CONVERSION = YES;
				CLANG_WARN_OBJC_ROOT_CLASS = YES_ERROR;
				CLANG_WARN_QUOTED_INCLUDE_IN_FRAMEWORK_HEADER = YES;
				CLANG_WARN_RANGE_LOOP_ANALYSIS = YES;
				CLANG_WARN_STRICT_PROTOTYPES = YES;
				CLANG_WARN_SUSPICIOUS_MOVE = YES;
				CLANG_WARN_UNGUARDED_AVAILABILITY = YES_AGGRESSIVE;
				CLANG_WARN_UNREACHABLE_CODE = YES;
				CLANG_WARN__DUPLICATE_METHOD_MATCH = YES;
				COPY_PHASE_STRIP = NO;
				DEBUG_INFORMATION_FORMAT = "dwarf-with-dsym";
				ENABLE_NS_ASSERTIONS = NO;
				ENABLE_STRICT_OBJC_MSGSEND = YES;
				GCC_C_LANGUAGE_STANDARD = gnu11;
				GCC_NO_COMMON_BLOCKS = YES;
				GCC_WARN_64_TO_32_BIT_CONVERSION = YES;
				GCC_WARN_ABOUT_RETURN_TYPE = YES_ERROR;
				GCC_WARN_UNDECLARED_SELECTOR = YES;
				GCC_WARN_UNINITIALIZED_AUTOS = YES_AGGRESSIVE;
				GCC_WARN_UNUSED_FUNCTION = YES;
				GCC_WARN_UNUSED_VARIABLE = YES;
				IPHONEOS_DEPLOYMENT_TARGET = 15.0;
				MTL_ENABLE_DEBUG_INFO = NO;
				MTL_FAST_MATH = YES;
				SDKROOT = iphoneos;
				SWIFT_COMPILATION_MODE = wholemodule;
				SWIFT_OPTIMIZATION_LEVEL = "-O";
				VALIDATE_PRODUCT = YES;
			};
			name = Release;
		};
		8AE0EB35277A3A9C002ADA32 /* Debug */ = {
			isa = XCBuildConfiguration;
			buildSettings = {
				ASSETCATALOG_COMPILER_APPICON_NAME = AppIcon;
				ASSETCATALOG_COMPILER_GLOBAL_ACCENT_COLOR_NAME = AccentColor;
				CODE_SIGN_STYLE = Automatic;
				CURRENT_PROJECT_VERSION = 1;
				DEVELOPMENT_TEAM = J8HRCHW3ZN;
				GENERATE_INFOPLIST_FILE = YES;
				INFOPLIST_FILE = "Barcelona guide/Info.plist";
				INFOPLIST_KEY_NSLocationAlwaysUsageDescription = "Let us access your current location so that we can auto-complete your original / final destination";
				INFOPLIST_KEY_NSLocationWhenInUseUsageDescription = "This is necessary for building routes.";
				INFOPLIST_KEY_UIApplicationSupportsIndirectInputEvents = YES;
				INFOPLIST_KEY_UILaunchStoryboardName = LaunchScreen;
				INFOPLIST_KEY_UIMainStoryboardFile = Main;
				INFOPLIST_KEY_UISupportedInterfaceOrientations_iPad = "UIInterfaceOrientationPortrait UIInterfaceOrientationPortraitUpsideDown UIInterfaceOrientationLandscapeLeft UIInterfaceOrientationLandscapeRight";
				INFOPLIST_KEY_UISupportedInterfaceOrientations_iPhone = "UIInterfaceOrientationPortrait UIInterfaceOrientationLandscapeLeft UIInterfaceOrientationLandscapeRight";
				LD_RUNPATH_SEARCH_PATHS = (
					"$(inherited)",
					"@executable_path/Frameworks",
				);
				MARKETING_VERSION = 1.0;
				PRODUCT_BUNDLE_IDENTIFIER = "Barcelona-guide.Barcelona-guide";
				PRODUCT_NAME = "$(TARGET_NAME)";
				SWIFT_EMIT_LOC_STRINGS = YES;
				SWIFT_VERSION = 5.0;
				TARGETED_DEVICE_FAMILY = "1,2";
			};
			name = Debug;
		};
		8AE0EB36277A3A9C002ADA32 /* Release */ = {
			isa = XCBuildConfiguration;
			buildSettings = {
				ASSETCATALOG_COMPILER_APPICON_NAME = AppIcon;
				ASSETCATALOG_COMPILER_GLOBAL_ACCENT_COLOR_NAME = AccentColor;
				CODE_SIGN_STYLE = Automatic;
				CURRENT_PROJECT_VERSION = 1;
				DEVELOPMENT_TEAM = J8HRCHW3ZN;
				GENERATE_INFOPLIST_FILE = YES;
				INFOPLIST_FILE = "Barcelona guide/Info.plist";
				INFOPLIST_KEY_NSLocationAlwaysUsageDescription = "Let us access your current location so that we can auto-complete your original / final destination";
				INFOPLIST_KEY_NSLocationWhenInUseUsageDescription = "This is necessary for building routes.";
				INFOPLIST_KEY_UIApplicationSupportsIndirectInputEvents = YES;
				INFOPLIST_KEY_UILaunchStoryboardName = LaunchScreen;
				INFOPLIST_KEY_UIMainStoryboardFile = Main;
				INFOPLIST_KEY_UISupportedInterfaceOrientations_iPad = "UIInterfaceOrientationPortrait UIInterfaceOrientationPortraitUpsideDown UIInterfaceOrientationLandscapeLeft UIInterfaceOrientationLandscapeRight";
				INFOPLIST_KEY_UISupportedInterfaceOrientations_iPhone = "UIInterfaceOrientationPortrait UIInterfaceOrientationLandscapeLeft UIInterfaceOrientationLandscapeRight";
				LD_RUNPATH_SEARCH_PATHS = (
					"$(inherited)",
					"@executable_path/Frameworks",
				);
				MARKETING_VERSION = 1.0;
				PRODUCT_BUNDLE_IDENTIFIER = "Barcelona-guide.Barcelona-guide";
				PRODUCT_NAME = "$(TARGET_NAME)";
				SWIFT_EMIT_LOC_STRINGS = YES;
				SWIFT_VERSION = 5.0;
				TARGETED_DEVICE_FAMILY = "1,2";
			};
			name = Release;
		};
/* End XCBuildConfiguration section */

/* Begin XCConfigurationList section */
		8AE0EB18277A3A9B002ADA32 /* Build configuration list for PBXProject "Barcelona guide" */ = {
			isa = XCConfigurationList;
			buildConfigurations = (
				8AE0EB32277A3A9C002ADA32 /* Debug */,
				8AE0EB33277A3A9C002ADA32 /* Release */,
			);
			defaultConfigurationIsVisible = 0;
			defaultConfigurationName = Release;
		};
		8AE0EB34277A3A9C002ADA32 /* Build configuration list for PBXNativeTarget "Barcelona guide" */ = {
			isa = XCConfigurationList;
			buildConfigurations = (
				8AE0EB35277A3A9C002ADA32 /* Debug */,
				8AE0EB36277A3A9C002ADA32 /* Release */,
			);
			defaultConfigurationIsVisible = 0;
			defaultConfigurationName = Release;
		};
/* End XCConfigurationList section */

/* Begin XCVersionGroup section */
		8AE0EB29277A3A9B002ADA32 /* Barcelona_guide.xcdatamodeld */ = {
			isa = XCVersionGroup;
			children = (
				8AE0EB2A277A3A9B002ADA32 /* Barcelona_guide.xcdatamodel */,
			);
			currentVersion = 8AE0EB2A277A3A9B002ADA32 /* Barcelona_guide.xcdatamodel */;
			path = Barcelona_guide.xcdatamodeld;
			sourceTree = "<group>";
			versionGroupType = wrapper.xcdatamodel;
		};
/* End XCVersionGroup section */
	};
	rootObject = 8AE0EB15277A3A9B002ADA32 /* Project object */;
}
